
Microsoft Visual Studio Solution File, Format Version 12.00
# Visual Studio 15
VisualStudioVersion = 15.0.28307.421
MinimumVisualStudioVersion = 10.0.40219.1
Project("{FAE04EC0-301F-11D3-BF4B-00C04F79EFBC}") = "aboavobr.phone.Android", "aboavobr.phone\aboavobr.phone.Android\aboavobr.phone.Android.csproj", "{462B9A5B-1C4A-4637-921A-E09C25EF656E}"
EndProject
Project("{FAE04EC0-301F-11D3-BF4B-00C04F79EFBC}") = "aboavobr.phone.iOS", "aboavobr.phone\aboavobr.phone.iOS\aboavobr.phone.iOS.csproj", "{10D27513-07B4-49E5-A520-2E110ADD0026}"
EndProject
Project("{FAE04EC0-301F-11D3-BF4B-00C04F79EFBC}") = "aboavobr.phone", "aboavobr.phone\aboavobr.phone\aboavobr.phone.csproj", "{8F20F228-228C-4399-ABE9-B0B24DE02C09}"
EndProject
Global
	GlobalSection(SolutionConfigurationPlatforms) = preSolution
		Ad-Hoc|Any CPU = Ad-Hoc|Any CPU
		Ad-Hoc|iPhone = Ad-Hoc|iPhone
		Ad-Hoc|iPhoneSimulator = Ad-Hoc|iPhoneSimulator
		AppStore|Any CPU = AppStore|Any CPU
		AppStore|iPhone = AppStore|iPhone
		AppStore|iPhoneSimulator = AppStore|iPhoneSimulator
		Debug|Any CPU = Debug|Any CPU
		Debug|iPhone = Debug|iPhone
		Debug|iPhoneSimulator = Debug|iPhoneSimulator
		Release|Any CPU = Release|Any CPU
		Release|iPhone = Release|iPhone
		Release|iPhoneSimulator = Release|iPhoneSimulator
	EndGlobalSection
	GlobalSection(ProjectConfigurationPlatforms) = postSolution
		{462B9A5B-1C4A-4637-921A-E09C25EF656E}.Ad-Hoc|Any CPU.ActiveCfg = Release|Any CPU
		{462B9A5B-1C4A-4637-921A-E09C25EF656E}.Ad-Hoc|Any CPU.Build.0 = Release|Any CPU
		{462B9A5B-1C4A-4637-921A-E09C25EF656E}.Ad-Hoc|Any CPU.Deploy.0 = Release|Any CPU
		{462B9A5B-1C4A-4637-921A-E09C25EF656E}.Ad-Hoc|iPhone.ActiveCfg = Release|Any CPU
		{462B9A5B-1C4A-4637-921A-E09C25EF656E}.Ad-Hoc|iPhone.Build.0 = Release|Any CPU
		{462B9A5B-1C4A-4637-921A-E09C25EF656E}.Ad-Hoc|iPhone.Deploy.0 = Release|Any CPU
		{462B9A5B-1C4A-4637-921A-E09C25EF656E}.Ad-Hoc|iPhoneSimulator.ActiveCfg = Release|Any CPU
		{462B9A5B-1C4A-4637-921A-E09C25EF656E}.Ad-Hoc|iPhoneSimulator.Build.0 = Release|Any CPU
		{462B9A5B-1C4A-4637-921A-E09C25EF656E}.Ad-Hoc|iPhoneSimulator.Deploy.0 = Release|Any CPU
		{462B9A5B-1C4A-4637-921A-E09C25EF656E}.AppStore|Any CPU.ActiveCfg = Release|Any CPU
		{462B9A5B-1C4A-4637-921A-E09C25EF656E}.AppStore|Any CPU.Build.0 = Release|Any CPU
		{462B9A5B-1C4A-4637-921A-E09C25EF656E}.AppStore|Any CPU.Deploy.0 = Release|Any CPU
		{462B9A5B-1C4A-4637-921A-E09C25EF656E}.AppStore|iPhone.ActiveCfg = Release|Any CPU
		{462B9A5B-1C4A-4637-921A-E09C25EF656E}.AppStore|iPhone.Build.0 = Release|Any CPU
		{462B9A5B-1C4A-4637-921A-E09C25EF656E}.AppStore|iPhone.Deploy.0 = Release|Any CPU
		{462B9A5B-1C4A-4637-921A-E09C25EF656E}.AppStore|iPhoneSimulator.ActiveCfg = Release|Any CPU
		{462B9A5B-1C4A-4637-921A-E09C25EF656E}.AppStore|iPhoneSimulator.Build.0 = Release|Any CPU
		{462B9A5B-1C4A-4637-921A-E09C25EF656E}.AppStore|iPhoneSimulator.Deploy.0 = Release|Any CPU
		{462B9A5B-1C4A-4637-921A-E09C25EF656E}.Debug|Any CPU.ActiveCfg = Debug|Any CPU
		{462B9A5B-1C4A-4637-921A-E09C25EF656E}.Debug|Any CPU.Build.0 = Debug|Any CPU
		{462B9A5B-1C4A-4637-921A-E09C25EF656E}.Debug|Any CPU.Deploy.0 = Debug|Any CPU
		{462B9A5B-1C4A-4637-921A-E09C25EF656E}.Debug|iPhone.ActiveCfg = Debug|Any CPU
		{462B9A5B-1C4A-4637-921A-E09C25EF656E}.Debug|iPhone.Build.0 = Debug|Any CPU
		{462B9A5B-1C4A-4637-921A-E09C25EF656E}.Debug|iPhone.Deploy.0 = Debug|Any CPU
		{462B9A5B-1C4A-4637-921A-E09C25EF656E}.Debug|iPhoneSimulator.ActiveCfg = Debug|Any CPU
		{462B9A5B-1C4A-4637-921A-E09C25EF656E}.Debug|iPhoneSimulator.Build.0 = Debug|Any CPU
		{462B9A5B-1C4A-4637-921A-E09C25EF656E}.Debug|iPhoneSimulator.Deploy.0 = Debug|Any CPU
		{462B9A5B-1C4A-4637-921A-E09C25EF656E}.Release|Any CPU.ActiveCfg = Release|Any CPU
		{462B9A5B-1C4A-4637-921A-E09C25EF656E}.Release|Any CPU.Build.0 = Release|Any CPU
		{462B9A5B-1C4A-4637-921A-E09C25EF656E}.Release|Any CPU.Deploy.0 = Release|Any CPU
		{462B9A5B-1C4A-4637-921A-E09C25EF656E}.Release|iPhone.ActiveCfg = Release|Any CPU
		{462B9A5B-1C4A-4637-921A-E09C25EF656E}.Release|iPhone.Build.0 = Release|Any CPU
		{462B9A5B-1C4A-4637-921A-E09C25EF656E}.Release|iPhone.Deploy.0 = Release|Any CPU
		{462B9A5B-1C4A-4637-921A-E09C25EF656E}.Release|iPhoneSimulator.ActiveCfg = Release|Any CPU
		{462B9A5B-1C4A-4637-921A-E09C25EF656E}.Release|iPhoneSimulator.Build.0 = Release|Any CPU
		{462B9A5B-1C4A-4637-921A-E09C25EF656E}.Release|iPhoneSimulator.Deploy.0 = Release|Any CPU
		{10D27513-07B4-49E5-A520-2E110ADD0026}.Ad-Hoc|Any CPU.ActiveCfg = Ad-Hoc|iPhone
		{10D27513-07B4-49E5-A520-2E110ADD0026}.Ad-Hoc|Any CPU.Build.0 = Ad-Hoc|iPhone
		{10D27513-07B4-49E5-A520-2E110ADD0026}.Ad-Hoc|Any CPU.Deploy.0 = Ad-Hoc|iPhone
		{10D27513-07B4-49E5-A520-2E110ADD0026}.Ad-Hoc|iPhone.ActiveCfg = Ad-Hoc|iPhone
		{10D27513-07B4-49E5-A520-2E110ADD0026}.Ad-Hoc|iPhone.Build.0 = Ad-Hoc|iPhone
		{10D27513-07B4-49E5-A520-2E110ADD0026}.Ad-Hoc|iPhone.Deploy.0 = Ad-Hoc|iPhone
		{10D27513-07B4-49E5-A520-2E110ADD0026}.Ad-Hoc|iPhoneSimulator.ActiveCfg = Ad-Hoc|iPhoneSimulator
		{10D27513-07B4-49E5-A520-2E110ADD0026}.Ad-Hoc|iPhoneSimulator.Build.0 = Ad-Hoc|iPhoneSimulator
		{10D27513-07B4-49E5-A520-2E110ADD0026}.Ad-Hoc|iPhoneSimulator.Deploy.0 = Ad-Hoc|iPhoneSimulator
		{10D27513-07B4-49E5-A520-2E110ADD0026}.AppStore|Any CPU.ActiveCfg = AppStore|iPhone
		{10D27513-07B4-49E5-A520-2E110ADD0026}.AppStore|Any CPU.Build.0 = AppStore|iPhone
		{10D27513-07B4-49E5-A520-2E110ADD0026}.AppStore|Any CPU.Deploy.0 = AppStore|iPhone
		{10D27513-07B4-49E5-A520-2E110ADD0026}.AppStore|iPhone.ActiveCfg = AppStore|iPhone
		{10D27513-07B4-49E5-A520-2E110ADD0026}.AppStore|iPhone.Build.0 = AppStore|iPhone
		{10D27513-07B4-49E5-A520-2E110ADD0026}.AppStore|iPhone.Deploy.0 = AppStore|iPhone
		{10D27513-07B4-49E5-A520-2E110ADD0026}.AppStore|iPhoneSimulator.ActiveCfg = AppStore|iPhoneSimulator
		{10D27513-07B4-49E5-A520-2E110ADD0026}.AppStore|iPhoneSimulator.Build.0 = AppStore|iPhoneSimulator
		{10D27513-07B4-49E5-A520-2E110ADD0026}.AppStore|iPhoneSimulator.Deploy.0 = AppStore|iPhoneSimulator
		{10D27513-07B4-49E5-A520-2E110ADD0026}.Debug|Any CPU.ActiveCfg = Debug|iPhoneSimulator
		{10D27513-07B4-49E5-A520-2E110ADD0026}.Debug|Any CPU.Build.0 = Debug|iPhoneSimulator
		{10D27513-07B4-49E5-A520-2E110ADD0026}.Debug|Any CPU.Deploy.0 = Debug|iPhoneSimulator
		{10D27513-07B4-49E5-A520-2E110ADD0026}.Debug|iPhone.ActiveCfg = Debug|iPhone
		{10D27513-07B4-49E5-A520-2E110ADD0026}.Debug|iPhone.Build.0 = Debug|iPhone
		{10D27513-07B4-49E5-A520-2E110ADD0026}.Debug|iPhone.Deploy.0 = Debug|iPhone
		{10D27513-07B4-49E5-A520-2E110ADD0026}.Debug|iPhoneSimulator.ActiveCfg = Debug|iPhoneSimulator
		{10D27513-07B4-49E5-A520-2E110ADD0026}.Debug|iPhoneSimulator.Build.0 = Debug|iPhoneSimulator
		{10D27513-07B4-49E5-A520-2E110ADD0026}.Debug|iPhoneSimulator.Deploy.0 = Debug|iPhoneSimulator
		{10D27513-07B4-49E5-A520-2E110ADD0026}.Release|Any CPU.ActiveCfg = Release|iPhone
		{10D27513-07B4-49E5-A520-2E110ADD0026}.Release|Any CPU.Build.0 = Release|iPhone
		{10D27513-07B4-49E5-A520-2E110ADD0026}.Release|Any CPU.Deploy.0 = Release|iPhone
		{10D27513-07B4-49E5-A520-2E110ADD0026}.Release|iPhone.ActiveCfg = Release|iPhone
		{10D27513-07B4-49E5-A520-2E110ADD0026}.Release|iPhone.Build.0 = Release|iPhone
		{10D27513-07B4-49E5-A520-2E110ADD0026}.Release|iPhone.Deploy.0 = Release|iPhone
		{10D27513-07B4-49E5-A520-2E110ADD0026}.Release|iPhoneSimulator.ActiveCfg = Release|iPhoneSimulator
		{10D27513-07B4-49E5-A520-2E110ADD0026}.Release|iPhoneSimulator.Build.0 = Release|iPhoneSimulator
		{10D27513-07B4-49E5-A520-2E110ADD0026}.Release|iPhoneSimulator.Deploy.0 = Release|iPhoneSimulator
		{8F20F228-228C-4399-ABE9-B0B24DE02C09}.Ad-Hoc|Any CPU.ActiveCfg = Debug|Any CPU
		{8F20F228-228C-4399-ABE9-B0B24DE02C09}.Ad-Hoc|Any CPU.Build.0 = Debug|Any CPU
		{8F20F228-228C-4399-ABE9-B0B24DE02C09}.Ad-Hoc|Any CPU.Deploy.0 = Debug|Any CPU
		{8F20F228-228C-4399-ABE9-B0B24DE02C09}.Ad-Hoc|iPhone.ActiveCfg = Debug|Any CPU
		{8F20F228-228C-4399-ABE9-B0B24DE02C09}.Ad-Hoc|iPhone.Build.0 = Debug|Any CPU
		{8F20F228-228C-4399-ABE9-B0B24DE02C09}.Ad-Hoc|iPhone.Deploy.0 = Debug|Any CPU
		{8F20F228-228C-4399-ABE9-B0B24DE02C09}.Ad-Hoc|iPhoneSimulator.ActiveCfg = Debug|Any CPU
		{8F20F228-228C-4399-ABE9-B0B24DE02C09}.Ad-Hoc|iPhoneSimulator.Build.0 = Debug|Any CPU
		{8F20F228-228C-4399-ABE9-B0B24DE02C09}.Ad-Hoc|iPhoneSimulator.Deploy.0 = Debug|Any CPU
		{8F20F228-228C-4399-ABE9-B0B24DE02C09}.AppStore|Any CPU.ActiveCfg = Debug|Any CPU
		{8F20F228-228C-4399-ABE9-B0B24DE02C09}.AppStore|Any CPU.Build.0 = Debug|Any CPU
		{8F20F228-228C-4399-ABE9-B0B24DE02C09}.AppStore|Any CPU.Deploy.0 = Debug|Any CPU
		{8F20F228-228C-4399-ABE9-B0B24DE02C09}.AppStore|iPhone.ActiveCfg = Debug|Any CPU
		{8F20F228-228C-4399-ABE9-B0B24DE02C09}.AppStore|iPhone.Build.0 = Debug|Any CPU
		{8F20F228-228C-4399-ABE9-B0B24DE02C09}.AppStore|iPhone.Deploy.0 = Debug|Any CPU
		{8F20F228-228C-4399-ABE9-B0B24DE02C09}.AppStore|iPhoneSimulator.ActiveCfg = Debug|Any CPU
		{8F20F228-228C-4399-ABE9-B0B24DE02C09}.AppStore|iPhoneSimulator.Build.0 = Debug|Any CPU
		{8F20F228-228C-4399-ABE9-B0B24DE02C09}.AppStore|iPhoneSimulator.Deploy.0 = Debug|Any CPU
		{8F20F228-228C-4399-ABE9-B0B24DE02C09}.Debug|Any CPU.ActiveCfg = Debug|Any CPU
		{8F20F228-228C-4399-ABE9-B0B24DE02C09}.Debug|Any CPU.Build.0 = Debug|Any CPU
		{8F20F228-228C-4399-ABE9-B0B24DE02C09}.Debug|Any CPU.Deploy.0 = Debug|Any CPU
		{8F20F228-228C-4399-ABE9-B0B24DE02C09}.Debug|iPhone.ActiveCfg = Debug|Any CPU
		{8F20F228-228C-4399-ABE9-B0B24DE02C09}.Debug|iPhone.Build.0 = Debug|Any CPU
		{8F20F228-228C-4399-ABE9-B0B24DE02C09}.Debug|iPhone.Deploy.0 = Debug|Any CPU
		{8F20F228-228C-4399-ABE9-B0B24DE02C09}.Debug|iPhoneSimulator.ActiveCfg = Debug|Any CPU
		{8F20F228-228C-4399-ABE9-B0B24DE02C09}.Debug|iPhoneSimulator.Build.0 = Debug|Any CPU
		{8F20F228-228C-4399-ABE9-B0B24DE02C09}.Debug|iPhoneSimulator.Deploy.0 = Debug|Any CPU
		{8F20F228-228C-4399-ABE9-B0B24DE02C09}.Release|Any CPU.ActiveCfg = Release|Any CPU
		{8F20F228-228C-4399-ABE9-B0B24DE02C09}.Release|Any CPU.Build.0 = Release|Any CPU
		{8F20F228-228C-4399-ABE9-B0B24DE02C09}.Release|Any CPU.Deploy.0 = Release|Any CPU
		{8F20F228-228C-4399-ABE9-B0B24DE02C09}.Release|iPhone.ActiveCfg = Release|Any CPU
		{8F20F228-228C-4399-ABE9-B0B24DE02C09}.Release|iPhone.Build.0 = Release|Any CPU
		{8F20F228-228C-4399-ABE9-B0B24DE02C09}.Release|iPhone.Deploy.0 = Release|Any CPU
		{8F20F228-228C-4399-ABE9-B0B24DE02C09}.Release|iPhoneSimulator.ActiveCfg = Release|Any CPU
		{8F20F228-228C-4399-ABE9-B0B24DE02C09}.Release|iPhoneSimulator.Build.0 = Release|Any CPU
		{8F20F228-228C-4399-ABE9-B0B24DE02C09}.Release|iPhoneSimulator.Deploy.0 = Release|Any CPU
	EndGlobalSection
	GlobalSection(SolutionProperties) = preSolution
		HideSolutionNode = FALSE
	EndGlobalSection
	GlobalSection(ExtensibilityGlobals) = postSolution
		SolutionGuid = {62B354BB-F6B7-4028-9CAC-7C47C79F8AF0}
	EndGlobalSection
EndGlobal
